// !$*UTF8*$!
{
	archiveVersion = 1;
	classes = {
	};
	objectVersion = 50;
	objects = {

/* Begin PBXBuildFile section */
		59A1055B25CEC49900FF49A4 /* AppDelegate.swift in Sources */ = {isa = PBXBuildFile; fileRef = 59A1055A25CEC49900FF49A4 /* AppDelegate.swift */; };
		59A1055D25CEC49900FF49A4 /* SceneDelegate.swift in Sources */ = {isa = PBXBuildFile; fileRef = 59A1055C25CEC49900FF49A4 /* SceneDelegate.swift */; };
		59A1055F25CEC49900FF49A4 /* CollectionViewController.swift in Sources */ = {isa = PBXBuildFile; fileRef = 59A1055E25CEC49900FF49A4 /* CollectionViewController.swift */; };
		59A1056225CEC49900FF49A4 /* Main.storyboard in Resources */ = {isa = PBXBuildFile; fileRef = 59A1056025CEC49900FF49A4 /* Main.storyboard */; };
		59A1056425CEC49A00FF49A4 /* Assets.xcassets in Resources */ = {isa = PBXBuildFile; fileRef = 59A1056325CEC49A00FF49A4 /* Assets.xcassets */; };
		59A1056725CEC49A00FF49A4 /* LaunchScreen.storyboard in Resources */ = {isa = PBXBuildFile; fileRef = 59A1056525CEC49A00FF49A4 /* LaunchScreen.storyboard */; };
		59A1057425CED8C700FF49A4 /* FirstConllectionCell.swift in Sources */ = {isa = PBXBuildFile; fileRef = 59A1057325CED8C700FF49A4 /* FirstConllectionCell.swift */; };
		59A1057725CEDACB00FF49A4 /* Data.swift in Sources */ = {isa = PBXBuildFile; fileRef = 59A1057625CEDACB00FF49A4 /* Data.swift */; };
		59A1057C25CEDAFC00FF49A4 /* UseData.swift in Sources */ = {isa = PBXBuildFile; fileRef = 59A1057B25CEDAFC00FF49A4 /* UseData.swift */; };
		59A1058325CEE88600FF49A4 /* CustomViewController.swift in Sources */ = {isa = PBXBuildFile; fileRef = 59A1058225CEE88600FF49A4 /* CustomViewController.swift */; };
		59A1058A25CEED7F00FF49A4 /* CustomCollectionCell.swift in Sources */ = {isa = PBXBuildFile; fileRef = 59A1058925CEED7F00FF49A4 /* CustomCollectionCell.swift */; };
		59A1058D25CEEDCC00FF49A4 /* CustomCollectionCell.xib in Resources */ = {isa = PBXBuildFile; fileRef = 59A1058C25CEEDCC00FF49A4 /* CustomCollectionCell.xib */; };
/* End PBXBuildFile section */

/* Begin PBXFileReference section */
		59A1055725CEC49900FF49A4 /* collectionView.app */ = {isa = PBXFileReference; explicitFileType = wrapper.application; includeInIndex = 0; path = collectionView.app; sourceTree = BUILT_PRODUCTS_DIR; };
		59A1055A25CEC49900FF49A4 /* AppDelegate.swift */ = {isa = PBXFileReference; lastKnownFileType = sourcecode.swift; path = AppDelegate.swift; sourceTree = "<group>"; };
		59A1055C25CEC49900FF49A4 /* SceneDelegate.swift */ = {isa = PBXFileReference; lastKnownFileType = sourcecode.swift; path = SceneDelegate.swift; sourceTree = "<group>"; };
		59A1055E25CEC49900FF49A4 /* CollectionViewController.swift */ = {isa = PBXFileReference; lastKnownFileType = sourcecode.swift; path = CollectionViewController.swift; sourceTree = "<group>"; };
		59A1056125CEC49900FF49A4 /* Base */ = {isa = PBXFileReference; lastKnownFileType = file.storyboard; name = Base; path = Base.lproj/Main.storyboard; sourceTree = "<group>"; };
		59A1056325CEC49A00FF49A4 /* Assets.xcassets */ = {isa = PBXFileReference; lastKnownFileType = folder.assetcatalog; path = Assets.xcassets; sourceTree = "<group>"; };
		59A1056625CEC49A00FF49A4 /* Base */ = {isa = PBXFileReference; lastKnownFileType = file.storyboard; name = Base; path = Base.lproj/LaunchScreen.storyboard; sourceTree = "<group>"; };
		59A1056825CEC49A00FF49A4 /* Info.plist */ = {isa = PBXFileReference; lastKnownFileType = text.plist.xml; path = Info.plist; sourceTree = "<group>"; };
		59A1057325CED8C700FF49A4 /* FirstConllectionCell.swift */ = {isa = PBXFileReference; lastKnownFileType = sourcecode.swift; path = FirstConllectionCell.swift; sourceTree = "<group>"; };
		59A1057625CEDACB00FF49A4 /* Data.swift */ = {isa = PBXFileReference; lastKnownFileType = sourcecode.swift; path = Data.swift; sourceTree = "<group>"; };
		59A1057B25CEDAFC00FF49A4 /* UseData.swift */ = {isa = PBXFileReference; lastKnownFileType = sourcecode.swift; path = UseData.swift; sourceTree = "<group>"; };
		59A1058225CEE88600FF49A4 /* CustomViewController.swift */ = {isa = PBXFileReference; lastKnownFileType = sourcecode.swift; path = CustomViewController.swift; sourceTree = "<group>"; };
		59A1058925CEED7F00FF49A4 /* CustomCollectionCell.swift */ = {isa = PBXFileReference; lastKnownFileType = sourcecode.swift; path = CustomCollectionCell.swift; sourceTree = "<group>"; };
		59A1058C25CEEDCC00FF49A4 /* CustomCollectionCell.xib */ = {isa = PBXFileReference; lastKnownFileType = file.xib; path = CustomCollectionCell.xib; sourceTree = "<group>"; };
/* End PBXFileReference section */

/* Begin PBXFrameworksBuildPhase section */
		59A1055425CEC49900FF49A4 /* Frameworks */ = {
			isa = PBXFrameworksBuildPhase;
			buildActionMask = 2147483647;
			files = (
			);
			runOnlyForDeploymentPostprocessing = 0;
		};
/* End PBXFrameworksBuildPhase section */

/* Begin PBXGroup section */
		59A1054E25CEC49900FF49A4 = {
			isa = PBXGroup;
			children = (
				59A1057925CEDAE200FF49A4 /* Model */,
				59A1055925CEC49900FF49A4 /* collectionView */,
				59A1055825CEC49900FF49A4 /* Products */,
			);
			sourceTree = "<group>";
		};
		59A1055825CEC49900FF49A4 /* Products */ = {
			isa = PBXGroup;
			children = (
				59A1055725CEC49900FF49A4 /* collectionView.app */,
			);
			name = Products;
			sourceTree = "<group>";
		};
		59A1055925CEC49900FF49A4 /* collectionView */ = {
			isa = PBXGroup;
			children = (
				59A1055A25CEC49900FF49A4 /* AppDelegate.swift */,
				59A1055C25CEC49900FF49A4 /* SceneDelegate.swift */,
				59A1057125CED88400FF49A4 /* Controller */,
				59A1057025CED87C00FF49A4 /* View */,
				59A1056325CEC49A00FF49A4 /* Assets.xcassets */,
				59A1056525CEC49A00FF49A4 /* LaunchScreen.storyboard */,
				59A1056825CEC49A00FF49A4 /* Info.plist */,
			);
			path = collectionView;
			sourceTree = "<group>";
		};
		59A1057025CED87C00FF49A4 /* View */ = {
			isa = PBXGroup;
			children = (
				59A1056025CEC49900FF49A4 /* Main.storyboard */,
			);
			path = View;
			sourceTree = "<group>";
		};
		59A1057125CED88400FF49A4 /* Controller */ = {
			isa = PBXGroup;
			children = (
				59A1055E25CEC49900FF49A4 /* CollectionViewController.swift */,
				59A1057325CED8C700FF49A4 /* FirstConllectionCell.swift */,
				59A1058225CEE88600FF49A4 /* CustomViewController.swift */,
				59A1058925CEED7F00FF49A4 /* CustomCollectionCell.swift */,
				59A1058C25CEEDCC00FF49A4 /* CustomCollectionCell.xib */,
			);
			path = Controller;
			sourceTree = "<group>";
		};
		59A1057925CEDAE200FF49A4 /* Model */ = {
			isa = PBXGroup;
			children = (
				59A1057625CEDACB00FF49A4 /* Data.swift */,
				59A1057B25CEDAFC00FF49A4 /* UseData.swift */,
			);
			name = Model;
			sourceTree = "<group>";
		};
/* End PBXGroup section */

/* Begin PBXNativeTarget section */
		59A1055625CEC49900FF49A4 /* collectionView */ = {
			isa = PBXNativeTarget;
			buildConfigurationList = 59A1056B25CEC49A00FF49A4 /* Build configuration list for PBXNativeTarget "collectionView" */;
			buildPhases = (
				59A1055325CEC49900FF49A4 /* Sources */,
				59A1055425CEC49900FF49A4 /* Frameworks */,
				59A1055525CEC49900FF49A4 /* Resources */,
			);
			buildRules = (
			);
			dependencies = (
			);
			name = collectionView;
			productName = collectionView;
			productReference = 59A1055725CEC49900FF49A4 /* collectionView.app */;
			productType = "com.apple.product-type.application";
		};
/* End PBXNativeTarget section */

/* Begin PBXProject section */
		59A1054F25CEC49900FF49A4 /* Project object */ = {
			isa = PBXProject;
			attributes = {
				LastSwiftUpdateCheck = 1230;
				LastUpgradeCheck = 1230;
				TargetAttributes = {
					59A1055625CEC49900FF49A4 = {
						CreatedOnToolsVersion = 12.3;
					};
				};
			};
			buildConfigurationList = 59A1055225CEC49900FF49A4 /* Build configuration list for PBXProject "collectionView" */;
			compatibilityVersion = "Xcode 9.3";
			developmentRegion = en;
			hasScannedForEncodings = 0;
			knownRegions = (
				en,
				Base,
			);
			mainGroup = 59A1054E25CEC49900FF49A4;
			productRefGroup = 59A1055825CEC49900FF49A4 /* Products */;
			projectDirPath = "";
			projectRoot = "";
			targets = (
				59A1055625CEC49900FF49A4 /* collectionView */,
			);
		};
/* End PBXProject section */

/* Begin PBXResourcesBuildPhase section */
		59A1055525CEC49900FF49A4 /* Resources */ = {
			isa = PBXResourcesBuildPhase;
			buildActionMask = 2147483647;
			files = (
				59A1058D25CEEDCC00FF49A4 /* CustomCollectionCell.xib in Resources */,
				59A1056725CEC49A00FF49A4 /* LaunchScreen.storyboard in Resources */,
				59A1056425CEC49A00FF49A4 /* Assets.xcassets in Resources */,
				59A1056225CEC49900FF49A4 /* Main.storyboard in Resources */,
			);
			runOnlyForDeploymentPostprocessing = 0;
		};
/* End PBXResourcesBuildPhase section */

/* Begin PBXSourcesBuildPhase section */
		59A1055325CEC49900FF49A4 /* Sources */ = {
			isa = PBXSourcesBuildPhase;
			buildActionMask = 2147483647;
			files = (
				59A1055F25CEC49900FF49A4 /* CollectionViewController.swift in Sources */,
				59A1058325CEE88600FF49A4 /* CustomViewController.swift in Sources */,
				59A1057C25CEDAFC00FF49A4 /* UseData.swift in Sources */,
				59A1057725CEDACB00FF49A4 /* Data.swift in Sources */,
				59A1058A25CEED7F00FF49A4 /* CustomCollectionCell.swift in Sources */,
				59A1055B25CEC49900FF49A4 /* AppDelegate.swift in Sources */,
				59A1055D25CEC49900FF49A4 /* SceneDelegate.swift in Sources */,
				59A1057425CED8C700FF49A4 /* FirstConllectionCell.swift in Sources */,
			);
			runOnlyForDeploymentPostprocessing = 0;
		};
/* End PBXSourcesBuildPhase section */

/* Begin PBXVariantGroup section */
		59A1056025CEC49900FF49A4 /* Main.storyboard */ = {
			isa = PBXVariantGroup;
			children = (
				59A1056125CEC49900FF49A4 /* Base */,
			);
			name = Main.storyboard;
			sourceTree = "<group>";
		};
		59A1056525CEC49A00FF49A4 /* LaunchScreen.storyboard */ = {
			isa = PBXVariantGroup;
			children = (
				59A1056625CEC49A00FF49A4 /* Base */,
			);
			name = LaunchScreen.storyboard;
			sourceTree = "<group>";
		};
/* End PBXVariantGroup section */

/* Begin XCBuildConfiguration section */
		59A1056925CEC49A00FF49A4 /* Debug */ = {
			isa = XCBuildConfiguration;
			buildSettings = {
				ALWAYS_SEARCH_USER_PATHS = NO;
				CLANG_ANALYZER_NONNULL = YES;
				CLANG_ANALYZER_NUMBER_OBJECT_CONVERSION = YES_AGGRESSIVE;
				CLANG_CXX_LANGUAGE_STANDARD = "gnu++14";
				CLANG_CXX_LIBRARY = "libc++";
				CLANG_ENABLE_MODULES = YES;
				CLANG_ENABLE_OBJC_ARC = YES;
				CLANG_ENABLE_OBJC_WEAK = YES;
				CLANG_WARN_BLOCK_CAPTURE_AUTORELEASING = YES;
				CLANG_WARN_BOOL_CONVERSION = YES;
				CLANG_WARN_COMMA = YES;
				CLANG_WARN_CONSTANT_CONVERSION = YES;
				CLANG_WARN_DEPRECATED_OBJC_IMPLEMENTATIONS = YES;
				CLANG_WARN_DIRECT_OBJC_ISA_USAGE = YES_ERROR;
				CLANG_WARN_DOCUMENTATION_COMMENTS = YES;
				CLANG_WARN_EMPTY_BODY = YES;
				CLANG_WARN_ENUM_CONVERSION = YES;
				CLANG_WARN_INFINITE_RECURSION = YES;
				CLANG_WARN_INT_CONVERSION = YES;
				CLANG_WARN_NON_LITERAL_NULL_CONVERSION = YES;
				CLANG_WARN_OBJC_IMPLICIT_RETAIN_SELF = YES;
				CLANG_WARN_OBJC_LITERAL_CONVERSION = YES;
				CLANG_WARN_OBJC_ROOT_CLASS = YES_ERROR;
				CLANG_WARN_QUOTED_INCLUDE_IN_FRAMEWORK_HEADER = YES;
				CLANG_WARN_RANGE_LOOP_ANALYSIS = YES;
				CLANG_WARN_STRICT_PROTOTYPES = YES;
				CLANG_WARN_SUSPICIOUS_MOVE = YES;
				CLANG_WARN_UNGUARDED_AVAILABILITY = YES_AGGRESSIVE;
				CLANG_WARN_UNREACHABLE_CODE = YES;
				CLANG_WARN__DUPLICATE_METHOD_MATCH = YES;
				COPY_PHASE_STRIP = NO;
				DEBUG_INFORMATION_FORMAT = dwarf;
				ENABLE_STRICT_OBJC_MSGSEND = YES;
				ENABLE_TESTABILITY = YES;
				GCC_C_LANGUAGE_STANDARD = gnu11;
				GCC_DYNAMIC_NO_PIC = NO;
				GCC_NO_COMMON_BLOCKS = YES;
				GCC_OPTIMIZATION_LEVEL = 0;
				GCC_PREPROCESSOR_DEFINITIONS = (
					"DEBUG=1",
					"$(inherited)",
				);
				GCC_WARN_64_TO_32_BIT_CONVERSION = YES;
				GCC_WARN_ABOUT_RETURN_TYPE = YES_ERROR;
				GCC_WARN_UNDECLARED_SELECTOR = YES;
				GCC_WARN_UNINITIALIZED_AUTOS = YES_AGGRESSIVE;
				GCC_WARN_UNUSED_FUNCTION = YES;
				GCC_WARN_UNUSED_VARIABLE = YES;
				IPHONEOS_DEPLOYMENT_TARGET = 14.3;
				MTL_ENABLE_DEBUG_INFO = INCLUDE_SOURCE;
				MTL_FAST_MATH = YES;
				ONLY_ACTIVE_ARCH = YES;
				SDKROOT = iphoneos;
				SWIFT_ACTIVE_COMPILATION_CONDITIONS = DEBUG;
				SWIFT_OPTIMIZATION_LEVEL = "-Onone";
			};
			name = Debug;
		};
		59A1056A25CEC49A00FF49A4 /* Release */ = {
			isa = XCBuildConfiguration;
			buildSettings = {
				ALWAYS_SEARCH_USER_PATHS = NO;
				CLANG_ANALYZER_NONNULL = YES;
				CLANG_ANALYZER_NUMBER_OBJECT_CONVERSION = YES_AGGRESSIVE;
				CLANG_CXX_LANGUAGE_STANDARD = "gnu++14";
				CLANG_CXX_LIBRARY = "libc++";
				CLANG_ENABLE_MODULES = YES;
				CLANG_ENABLE_OBJC_ARC = YES;
				CLANG_ENABLE_OBJC_WEAK = YES;
				CLANG_WARN_BLOCK_CAPTURE_AUTORELEASING = YES;
				CLANG_WARN_BOOL_CONVERSION = YES;
				CLANG_WARN_COMMA = YES;
				CLANG_WARN_CONSTANT_CONVERSION = YES;
				CLANG_WARN_DEPRECATED_OBJC_IMPLEMENTATIONS = YES;
				CLANG_WARN_DIRECT_OBJC_ISA_USAGE = YES_ERROR;
				CLANG_WARN_DOCUMENTATION_COMMENTS = YES;
				CLANG_WARN_EMPTY_BODY = YES;
				CLANG_WARN_ENUM_CONVERSION = YES;
				CLANG_WARN_INFINITE_RECURSION = YES;
				CLANG_WARN_INT_CONVERSION = YES;
				CLANG_WARN_NON_LITERAL_NULL_CONVERSION = YES;
				CLANG_WARN_OBJC_IMPLICIT_RETAIN_SELF = YES;
				CLANG_WARN_OBJC_LITERAL_CONVERSION = YES;
				CLANG_WARN_OBJC_ROOT_CLASS = YES_ERROR;
				CLANG_WARN_QUOTED_INCLUDE_IN_FRAMEWORK_HEADER = YES;
				CLANG_WARN_RANGE_LOOP_ANALYSIS = YES;
				CLANG_WARN_STRICT_PROTOTYPES = YES;
				CLANG_WARN_SUSPICIOUS_MOVE = YES;
				CLANG_WARN_UNGUARDED_AVAILABILITY = YES_AGGRESSIVE;
				CLANG_WARN_UNREACHABLE_CODE = YES;
				CLANG_WARN__DUPLICATE_METHOD_MATCH = YES;
				COPY_PHASE_STRIP = NO;
				DEBUG_INFORMATION_FORMAT = "dwarf-with-dsym";
				ENABLE_NS_ASSERTIONS = NO;
				ENABLE_STRICT_OBJC_MSGSEND = YES;
				GCC_C_LANGUAGE_STANDARD = gnu11;
				GCC_NO_COMMON_BLOCKS = YES;
				GCC_WARN_64_TO_32_BIT_CONVERSION = YES;
				GCC_WARN_ABOUT_RETURN_TYPE = YES_ERROR;
				GCC_WARN_UNDECLARED_SELECTOR = YES;
				GCC_WARN_UNINITIALIZED_AUTOS = YES_AGGRESSIVE;
				GCC_WARN_UNUSED_FUNCTION = YES;
				GCC_WARN_UNUSED_VARIABLE = YES;
				IPHONEOS_DEPLOYMENT_TARGET = 14.3;
				MTL_ENABLE_DEBUG_INFO = NO;
				MTL_FAST_MATH = YES;
				SDKROOT = iphoneos;
				SWIFT_COMPILATION_MODE = wholemodule;
				SWIFT_OPTIMIZATION_LEVEL = "-O";
				VALIDATE_PRODUCT = YES;
			};
			name = Release;
		};
		59A1056C25CEC49A00FF49A4 /* Debug */ = {
			isa = XCBuildConfiguration;
			buildSettings = {
				ASSETCATALOG_COMPILER_APPICON_NAME = AppIcon;
				ASSETCATALOG_COMPILER_GLOBAL_ACCENT_COLOR_NAME = AccentColor;
				CODE_SIGN_STYLE = Automatic;
				DEVELOPMENT_TEAM = XF7922X6R2;
				INFOPLIST_FILE = collectionView/Info.plist;
				LD_RUNPATH_SEARCH_PATHS = (
					"$(inherited)",
					"@executable_path/Frameworks",
				);
				PRODUCT_BUNDLE_IDENTIFIER = heawon.collectionView;
				PRODUCT_NAME = "$(TARGET_NAME)";
				SWIFT_VERSION = 5.0;
				TARGETED_DEVICE_FAMILY = "1,2";
			};
			name = Debug;
		};
		59A1056D25CEC49A00FF49A4 /* Release */ = {
			isa = XCBuildConfiguration;
			buildSettings = {
				ASSETCATALOG_COMPILER_APPICON_NAME = AppIcon;
				ASSETCATALOG_COMPILER_GLOBAL_ACCENT_COLOR_NAME = AccentColor;
				CODE_SIGN_STYLE = Automatic;
				DEVELOPMENT_TEAM = XF7922X6R2;
				INFOPLIST_FILE = collectionView/Info.plist;
				LD_RUNPATH_SEARCH_PATHS = (
					"$(inherited)",
					"@executable_path/Frameworks",
				);
				PRODUCT_BUNDLE_IDENTIFIER = heawon.collectionView;
				PRODUCT_NAME = "$(TARGET_NAME)";
				SWIFT_VERSION = 5.0;
				TARGETED_DEVICE_FAMILY = "1,2";
			};
			name = Release;
		};
/* End XCBuildConfiguration section */

/* Begin XCConfigurationList section */
		59A1055225CEC49900FF49A4 /* Build configuration list for PBXProject "collectionView" */ = {
			isa = XCConfigurationList;
			buildConfigurations = (
				59A1056925CEC49A00FF49A4 /* Debug */,
				59A1056A25CEC49A00FF49A4 /* Release */,
			);
			defaultConfigurationIsVisible = 0;
			defaultConfigurationName = Release;
		};
		59A1056B25CEC49A00FF49A4 /* Build configuration list for PBXNativeTarget "collectionView" */ = {
			isa = XCConfigurationList;
			buildConfigurations = (
				59A1056C25CEC49A00FF49A4 /* Debug */,
				59A1056D25CEC49A00FF49A4 /* Release */,
			);
			defaultConfigurationIsVisible = 0;
			defaultConfigurationName = Release;
		};
/* End XCConfigurationList section */
	};
	rootObject = 59A1054F25CEC49900FF49A4 /* Project object */;
}
