// !$*UTF8*$!
{
	archiveVersion = 1;
	classes = {
	};
	objectVersion = 51;
	objects = {

/* Begin PBXBuildFile section */
		59380E3C25C2B77200011FD1 /* AppDelegate.swift in Sources */ = {isa = PBXBuildFile; fileRef = 59380E3B25C2B77200011FD1 /* AppDelegate.swift */; };
		59380E3E25C2B77200011FD1 /* SceneDelegate.swift in Sources */ = {isa = PBXBuildFile; fileRef = 59380E3D25C2B77200011FD1 /* SceneDelegate.swift */; };
		59380E4325C2B77200011FD1 /* Main.storyboard in Resources */ = {isa = PBXBuildFile; fileRef = 59380E4125C2B77200011FD1 /* Main.storyboard */; };
		59380E4525C2B77300011FD1 /* Assets.xcassets in Resources */ = {isa = PBXBuildFile; fileRef = 59380E4425C2B77300011FD1 /* Assets.xcassets */; };
		59380E4825C2B77300011FD1 /* LaunchScreen.storyboard in Resources */ = {isa = PBXBuildFile; fileRef = 59380E4625C2B77300011FD1 /* LaunchScreen.storyboard */; };
		59380E5925C2C3C000011FD1 /* Article.swift in Sources */ = {isa = PBXBuildFile; fileRef = 59380E5825C2C3C000011FD1 /* Article.swift */; };
		59380E6125C2C61800011FD1 /* CustomTableViewCell.swift in Sources */ = {isa = PBXBuildFile; fileRef = 59380E5F25C2C61800011FD1 /* CustomTableViewCell.swift */; };
		59380E6225C2C61800011FD1 /* CustomTableViewCell.xib in Resources */ = {isa = PBXBuildFile; fileRef = 59380E6025C2C61800011FD1 /* CustomTableViewCell.xib */; };
		5985DE8025C64559002EBDF4 /* ReusableCustomView.swift in Sources */ = {isa = PBXBuildFile; fileRef = 5985DE7F25C64559002EBDF4 /* ReusableCustomView.swift */; };
		5985DE8325C64586002EBDF4 /* ReusableCustomView.xib in Resources */ = {isa = PBXBuildFile; fileRef = 5985DE8225C64586002EBDF4 /* ReusableCustomView.xib */; };
		598F5F1525C4EDF50093C225 /* sideMenu.swift in Sources */ = {isa = PBXBuildFile; fileRef = 598F5F1425C4EDF50093C225 /* sideMenu.swift */; };
		598F5F1825C4EE350093C225 /* SideMenuViewController.swift in Sources */ = {isa = PBXBuildFile; fileRef = 598F5F1725C4EE350093C225 /* SideMenuViewController.swift */; };
		598F5F1C25C4FAA00093C225 /* articleViewController.swift in Sources */ = {isa = PBXBuildFile; fileRef = 598F5F1B25C4FAA00093C225 /* articleViewController.swift */; };
		59D5F49025C55C78005348C9 /* categoryTqoViewController.swift in Sources */ = {isa = PBXBuildFile; fileRef = 59D5F48F25C55C78005348C9 /* categoryTqoViewController.swift */; };
		59D5F49325C5608A005348C9 /* UIViewControllerExtension.swift in Sources */ = {isa = PBXBuildFile; fileRef = 59D5F49225C5608A005348C9 /* UIViewControllerExtension.swift */; };
		866CE354F4D3BB8A3D3042BF /* Pods_sideMenuPractic.framework in Frameworks */ = {isa = PBXBuildFile; fileRef = 299A467285AFD84825EA4D91 /* Pods_sideMenuPractic.framework */; };
/* End PBXBuildFile section */

/* Begin PBXFileReference section */
		299A467285AFD84825EA4D91 /* Pods_sideMenuPractic.framework */ = {isa = PBXFileReference; explicitFileType = wrapper.framework; includeInIndex = 0; path = Pods_sideMenuPractic.framework; sourceTree = BUILT_PRODUCTS_DIR; };
		4E6E216BD807F1EAD97D96BC /* Pods-sideMenuPractic.debug.xcconfig */ = {isa = PBXFileReference; includeInIndex = 1; lastKnownFileType = text.xcconfig; name = "Pods-sideMenuPractic.debug.xcconfig"; path = "Target Support Files/Pods-sideMenuPractic/Pods-sideMenuPractic.debug.xcconfig"; sourceTree = "<group>"; };
		59380E3825C2B77200011FD1 /* sideMenuPractic.app */ = {isa = PBXFileReference; explicitFileType = wrapper.application; includeInIndex = 0; path = sideMenuPractic.app; sourceTree = BUILT_PRODUCTS_DIR; };
		59380E3B25C2B77200011FD1 /* AppDelegate.swift */ = {isa = PBXFileReference; lastKnownFileType = sourcecode.swift; path = AppDelegate.swift; sourceTree = "<group>"; };
		59380E3D25C2B77200011FD1 /* SceneDelegate.swift */ = {isa = PBXFileReference; lastKnownFileType = sourcecode.swift; path = SceneDelegate.swift; sourceTree = "<group>"; };
		59380E4225C2B77200011FD1 /* Base */ = {isa = PBXFileReference; lastKnownFileType = file.storyboard; name = Base; path = Base.lproj/Main.storyboard; sourceTree = "<group>"; };
		59380E4425C2B77300011FD1 /* Assets.xcassets */ = {isa = PBXFileReference; lastKnownFileType = folder.assetcatalog; path = Assets.xcassets; sourceTree = "<group>"; };
		59380E4725C2B77300011FD1 /* Base */ = {isa = PBXFileReference; lastKnownFileType = file.storyboard; name = Base; path = Base.lproj/LaunchScreen.storyboard; sourceTree = "<group>"; };
		59380E4925C2B77300011FD1 /* Info.plist */ = {isa = PBXFileReference; lastKnownFileType = text.plist.xml; path = Info.plist; sourceTree = "<group>"; };
		59380E5825C2C3C000011FD1 /* Article.swift */ = {isa = PBXFileReference; lastKnownFileType = sourcecode.swift; path = Article.swift; sourceTree = "<group>"; };
		59380E5F25C2C61800011FD1 /* CustomTableViewCell.swift */ = {isa = PBXFileReference; lastKnownFileType = sourcecode.swift; path = CustomTableViewCell.swift; sourceTree = "<group>"; };
		59380E6025C2C61800011FD1 /* CustomTableViewCell.xib */ = {isa = PBXFileReference; lastKnownFileType = file.xib; path = CustomTableViewCell.xib; sourceTree = "<group>"; };
		5985DE7F25C64559002EBDF4 /* ReusableCustomView.swift */ = {isa = PBXFileReference; lastKnownFileType = sourcecode.swift; path = ReusableCustomView.swift; sourceTree = "<group>"; };
		5985DE8225C64586002EBDF4 /* ReusableCustomView.xib */ = {isa = PBXFileReference; lastKnownFileType = file.xib; path = ReusableCustomView.xib; sourceTree = "<group>"; };
		598F5F1425C4EDF50093C225 /* sideMenu.swift */ = {isa = PBXFileReference; lastKnownFileType = sourcecode.swift; path = sideMenu.swift; sourceTree = "<group>"; };
		598F5F1725C4EE350093C225 /* SideMenuViewController.swift */ = {isa = PBXFileReference; lastKnownFileType = sourcecode.swift; path = SideMenuViewController.swift; sourceTree = "<group>"; };
		598F5F1B25C4FAA00093C225 /* articleViewController.swift */ = {isa = PBXFileReference; lastKnownFileType = sourcecode.swift; path = articleViewController.swift; sourceTree = "<group>"; };
		59D5F48F25C55C78005348C9 /* categoryTqoViewController.swift */ = {isa = PBXFileReference; lastKnownFileType = sourcecode.swift; path = categoryTqoViewController.swift; sourceTree = "<group>"; };
		59D5F49225C5608A005348C9 /* UIViewControllerExtension.swift */ = {isa = PBXFileReference; lastKnownFileType = sourcecode.swift; path = UIViewControllerExtension.swift; sourceTree = "<group>"; };
		5A4CB4AEBD61890DEFCBCA05 /* Pods-sideMenuPractic.release.xcconfig */ = {isa = PBXFileReference; includeInIndex = 1; lastKnownFileType = text.xcconfig; name = "Pods-sideMenuPractic.release.xcconfig"; path = "Target Support Files/Pods-sideMenuPractic/Pods-sideMenuPractic.release.xcconfig"; sourceTree = "<group>"; };
/* End PBXFileReference section */

/* Begin PBXFrameworksBuildPhase section */
		59380E3525C2B77200011FD1 /* Frameworks */ = {
			isa = PBXFrameworksBuildPhase;
			buildActionMask = 2147483647;
			files = (
				866CE354F4D3BB8A3D3042BF /* Pods_sideMenuPractic.framework in Frameworks */,
			);
			runOnlyForDeploymentPostprocessing = 0;
		};
/* End PBXFrameworksBuildPhase section */

/* Begin PBXGroup section */
		150A6D4183DB4303414B21B9 /* Frameworks */ = {
			isa = PBXGroup;
			children = (
				299A467285AFD84825EA4D91 /* Pods_sideMenuPractic.framework */,
			);
			name = Frameworks;
			sourceTree = "<group>";
		};
		411CE3FD20C7B85667E4B870 /* Pods */ = {
			isa = PBXGroup;
			children = (
				4E6E216BD807F1EAD97D96BC /* Pods-sideMenuPractic.debug.xcconfig */,
				5A4CB4AEBD61890DEFCBCA05 /* Pods-sideMenuPractic.release.xcconfig */,
			);
			path = Pods;
			sourceTree = "<group>";
		};
		59380E2F25C2B77200011FD1 = {
			isa = PBXGroup;
			children = (
				59380E3A25C2B77200011FD1 /* sideMenuPractic */,
				59380E3925C2B77200011FD1 /* Products */,
				411CE3FD20C7B85667E4B870 /* Pods */,
				150A6D4183DB4303414B21B9 /* Frameworks */,
			);
			sourceTree = "<group>";
		};
		59380E3925C2B77200011FD1 /* Products */ = {
			isa = PBXGroup;
			children = (
				59380E3825C2B77200011FD1 /* sideMenuPractic.app */,
			);
			name = Products;
			sourceTree = "<group>";
		};
		59380E3A25C2B77200011FD1 /* sideMenuPractic */ = {
			isa = PBXGroup;
			children = (
				59380E3B25C2B77200011FD1 /* AppDelegate.swift */,
				59380E3D25C2B77200011FD1 /* SceneDelegate.swift */,
				59380E4125C2B77200011FD1 /* Main.storyboard */,
				59380E4425C2B77300011FD1 /* Assets.xcassets */,
				59380E4625C2B77300011FD1 /* LaunchScreen.storyboard */,
				59380E4925C2B77300011FD1 /* Info.plist */,
				59D5F49525C5608E005348C9 /* Extension */,
				598F5F1225C4E7F60093C225 /* Controller */,
				59D5F48C25C55ACE005348C9 /* Model */,
				59380E5F25C2C61800011FD1 /* CustomTableViewCell.swift */,
				59380E6025C2C61800011FD1 /* CustomTableViewCell.xib */,
				5985DE7F25C64559002EBDF4 /* ReusableCustomView.swift */,
				5985DE8225C64586002EBDF4 /* ReusableCustomView.xib */,
			);
			path = sideMenuPractic;
			sourceTree = "<group>";
		};
		598F5F1225C4E7F60093C225 /* Controller */ = {
			isa = PBXGroup;
			children = (
				598F5F1425C4EDF50093C225 /* sideMenu.swift */,
				598F5F1725C4EE350093C225 /* SideMenuViewController.swift */,
				598F5F1B25C4FAA00093C225 /* articleViewController.swift */,
				59D5F48F25C55C78005348C9 /* categoryTqoViewController.swift */,
			);
			path = Controller;
			sourceTree = "<group>";
		};
		59D5F48C25C55ACE005348C9 /* Model */ = {
			isa = PBXGroup;
			children = (
				59380E5825C2C3C000011FD1 /* Article.swift */,
			);
			path = Model;
			sourceTree = "<group>";
		};
		59D5F49525C5608E005348C9 /* Extension */ = {
			isa = PBXGroup;
			children = (
				59D5F49225C5608A005348C9 /* UIViewControllerExtension.swift */,
			);
			path = Extension;
			sourceTree = "<group>";
		};
/* End PBXGroup section */

/* Begin PBXNativeTarget section */
		59380E3725C2B77200011FD1 /* sideMenuPractic */ = {
			isa = PBXNativeTarget;
			buildConfigurationList = 59380E4C25C2B77300011FD1 /* Build configuration list for PBXNativeTarget "sideMenuPractic" */;
			buildPhases = (
				830720D79D967D9F40AD6EBC /* [CP] Check Pods Manifest.lock */,
				59380E3425C2B77200011FD1 /* Sources */,
				59380E3525C2B77200011FD1 /* Frameworks */,
				59380E3625C2B77200011FD1 /* Resources */,
				8803546F22850712A3DF0557 /* [CP] Embed Pods Frameworks */,
			);
			buildRules = (
			);
			dependencies = (
			);
			name = sideMenuPractic;
			productName = sideMenuPractic;
			productReference = 59380E3825C2B77200011FD1 /* sideMenuPractic.app */;
			productType = "com.apple.product-type.application";
		};
/* End PBXNativeTarget section */

/* Begin PBXProject section */
		59380E3025C2B77200011FD1 /* Project object */ = {
			isa = PBXProject;
			attributes = {
				LastSwiftUpdateCheck = 1230;
				LastUpgradeCheck = 1230;
				TargetAttributes = {
					59380E3725C2B77200011FD1 = {
						CreatedOnToolsVersion = 12.3;
					};
				};
			};
			buildConfigurationList = 59380E3325C2B77200011FD1 /* Build configuration list for PBXProject "sideMenuPractic" */;
			compatibilityVersion = "Xcode 9.3";
			developmentRegion = en;
			hasScannedForEncodings = 0;
			knownRegions = (
				en,
				Base,
			);
			mainGroup = 59380E2F25C2B77200011FD1;
			productRefGroup = 59380E3925C2B77200011FD1 /* Products */;
			projectDirPath = "";
			projectRoot = "";
			targets = (
				59380E3725C2B77200011FD1 /* sideMenuPractic */,
			);
		};
/* End PBXProject section */

/* Begin PBXResourcesBuildPhase section */
		59380E3625C2B77200011FD1 /* Resources */ = {
			isa = PBXResourcesBuildPhase;
			buildActionMask = 2147483647;
			files = (
				59380E4825C2B77300011FD1 /* LaunchScreen.storyboard in Resources */,
				59380E4525C2B77300011FD1 /* Assets.xcassets in Resources */,
				59380E6225C2C61800011FD1 /* CustomTableViewCell.xib in Resources */,
				59380E4325C2B77200011FD1 /* Main.storyboard in Resources */,
				5985DE8325C64586002EBDF4 /* ReusableCustomView.xib in Resources */,
			);
			runOnlyForDeploymentPostprocessing = 0;
		};
/* End PBXResourcesBuildPhase section */

/* Begin PBXShellScriptBuildPhase section */
		830720D79D967D9F40AD6EBC /* [CP] Check Pods Manifest.lock */ = {
			isa = PBXShellScriptBuildPhase;
			buildActionMask = 2147483647;
			files = (
			);
			inputFileListPaths = (
			);
			inputPaths = (
				"${PODS_PODFILE_DIR_PATH}/Podfile.lock",
				"${PODS_ROOT}/Manifest.lock",
			);
			name = "[CP] Check Pods Manifest.lock";
			outputFileListPaths = (
			);
			outputPaths = (
				"$(DERIVED_FILE_DIR)/Pods-sideMenuPractic-checkManifestLockResult.txt",
			);
			runOnlyForDeploymentPostprocessing = 0;
			shellPath = /bin/sh;
			shellScript = "diff \"${PODS_PODFILE_DIR_PATH}/Podfile.lock\" \"${PODS_ROOT}/Manifest.lock\" > /dev/null\nif [ $? != 0 ] ; then\n    # print error to STDERR\n    echo \"error: The sandbox is not in sync with the Podfile.lock. Run 'pod install' or update your CocoaPods installation.\" >&2\n    exit 1\nfi\n# This output is used by Xcode 'outputs' to avoid re-running this script phase.\necho \"SUCCESS\" > \"${SCRIPT_OUTPUT_FILE_0}\"\n";
			showEnvVarsInLog = 0;
		};
		8803546F22850712A3DF0557 /* [CP] Embed Pods Frameworks */ = {
			isa = PBXShellScriptBuildPhase;
			buildActionMask = 2147483647;
			files = (
			);
			inputFileListPaths = (
				"${PODS_ROOT}/Target Support Files/Pods-sideMenuPractic/Pods-sideMenuPractic-frameworks-${CONFIGURATION}-input-files.xcfilelist",
			);
			name = "[CP] Embed Pods Frameworks";
			outputFileListPaths = (
				"${PODS_ROOT}/Target Support Files/Pods-sideMenuPractic/Pods-sideMenuPractic-frameworks-${CONFIGURATION}-output-files.xcfilelist",
			);
			runOnlyForDeploymentPostprocessing = 0;
			shellPath = /bin/sh;
			shellScript = "\"${PODS_ROOT}/Target Support Files/Pods-sideMenuPractic/Pods-sideMenuPractic-frameworks.sh\"\n";
			showEnvVarsInLog = 0;
		};
/* End PBXShellScriptBuildPhase section */

/* Begin PBXSourcesBuildPhase section */
		59380E3425C2B77200011FD1 /* Sources */ = {
			isa = PBXSourcesBuildPhase;
			buildActionMask = 2147483647;
			files = (
				59380E5925C2C3C000011FD1 /* Article.swift in Sources */,
				598F5F1C25C4FAA00093C225 /* articleViewController.swift in Sources */,
				59D5F49325C5608A005348C9 /* UIViewControllerExtension.swift in Sources */,
				59380E6125C2C61800011FD1 /* CustomTableViewCell.swift in Sources */,
				5985DE8025C64559002EBDF4 /* ReusableCustomView.swift in Sources */,
				59D5F49025C55C78005348C9 /* categoryTqoViewController.swift in Sources */,
				59380E3C25C2B77200011FD1 /* AppDelegate.swift in Sources */,
				598F5F1825C4EE350093C225 /* SideMenuViewController.swift in Sources */,
				59380E3E25C2B77200011FD1 /* SceneDelegate.swift in Sources */,
				598F5F1525C4EDF50093C225 /* sideMenu.swift in Sources */,
			);
			runOnlyForDeploymentPostprocessing = 0;
		};
/* End PBXSourcesBuildPhase section */

/* Begin PBXVariantGroup section */
		59380E4125C2B77200011FD1 /* Main.storyboard */ = {
			isa = PBXVariantGroup;
			children = (
				59380E4225C2B77200011FD1 /* Base */,
			);
			name = Main.storyboard;
			sourceTree = "<group>";
		};
		59380E4625C2B77300011FD1 /* LaunchScreen.storyboard */ = {
			isa = PBXVariantGroup;
			children = (
				59380E4725C2B77300011FD1 /* Base */,
			);
			name = LaunchScreen.storyboard;
			sourceTree = "<group>";
		};
/* End PBXVariantGroup section */

/* Begin XCBuildConfiguration section */
		59380E4A25C2B77300011FD1 /* Debug */ = {
			isa = XCBuildConfiguration;
			buildSettings = {
				ALWAYS_SEARCH_USER_PATHS = NO;
				CLANG_ANALYZER_NONNULL = YES;
				CLANG_ANALYZER_NUMBER_OBJECT_CONVERSION = YES_AGGRESSIVE;
				CLANG_CXX_LANGUAGE_STANDARD = "gnu++14";
				CLANG_CXX_LIBRARY = "libc++";
				CLANG_ENABLE_MODULES = YES;
				CLANG_ENABLE_OBJC_ARC = YES;
				CLANG_ENABLE_OBJC_WEAK = YES;
				CLANG_WARN_BLOCK_CAPTURE_AUTORELEASING = YES;
				CLANG_WARN_BOOL_CONVERSION = YES;
				CLANG_WARN_COMMA = YES;
				CLANG_WARN_CONSTANT_CONVERSION = YES;
				CLANG_WARN_DEPRECATED_OBJC_IMPLEMENTATIONS = YES;
				CLANG_WARN_DIRECT_OBJC_ISA_USAGE = YES_ERROR;
				CLANG_WARN_DOCUMENTATION_COMMENTS = YES;
				CLANG_WARN_EMPTY_BODY = YES;
				CLANG_WARN_ENUM_CONVERSION = YES;
				CLANG_WARN_INFINITE_RECURSION = YES;
				CLANG_WARN_INT_CONVERSION = YES;
				CLANG_WARN_NON_LITERAL_NULL_CONVERSION = YES;
				CLANG_WARN_OBJC_IMPLICIT_RETAIN_SELF = YES;
				CLANG_WARN_OBJC_LITERAL_CONVERSION = YES;
				CLANG_WARN_OBJC_ROOT_CLASS = YES_ERROR;
				CLANG_WARN_QUOTED_INCLUDE_IN_FRAMEWORK_HEADER = YES;
				CLANG_WARN_RANGE_LOOP_ANALYSIS = YES;
				CLANG_WARN_STRICT_PROTOTYPES = YES;
				CLANG_WARN_SUSPICIOUS_MOVE = YES;
				CLANG_WARN_UNGUARDED_AVAILABILITY = YES_AGGRESSIVE;
				CLANG_WARN_UNREACHABLE_CODE = YES;
				CLANG_WARN__DUPLICATE_METHOD_MATCH = YES;
				COPY_PHASE_STRIP = NO;
				DEBUG_INFORMATION_FORMAT = dwarf;
				ENABLE_STRICT_OBJC_MSGSEND = YES;
				ENABLE_TESTABILITY = YES;
				GCC_C_LANGUAGE_STANDARD = gnu11;
				GCC_DYNAMIC_NO_PIC = NO;
				GCC_NO_COMMON_BLOCKS = YES;
				GCC_OPTIMIZATION_LEVEL = 0;
				GCC_PREPROCESSOR_DEFINITIONS = (
					"DEBUG=1",
					"$(inherited)",
				);
				GCC_WARN_64_TO_32_BIT_CONVERSION = YES;
				GCC_WARN_ABOUT_RETURN_TYPE = YES_ERROR;
				GCC_WARN_UNDECLARED_SELECTOR = YES;
				GCC_WARN_UNINITIALIZED_AUTOS = YES_AGGRESSIVE;
				GCC_WARN_UNUSED_FUNCTION = YES;
				GCC_WARN_UNUSED_VARIABLE = YES;
				IPHONEOS_DEPLOYMENT_TARGET = 14.3;
				MTL_ENABLE_DEBUG_INFO = INCLUDE_SOURCE;
				MTL_FAST_MATH = YES;
				ONLY_ACTIVE_ARCH = YES;
				SDKROOT = iphoneos;
				SWIFT_ACTIVE_COMPILATION_CONDITIONS = DEBUG;
				SWIFT_OPTIMIZATION_LEVEL = "-Onone";
			};
			name = Debug;
		};
		59380E4B25C2B77300011FD1 /* Release */ = {
			isa = XCBuildConfiguration;
			buildSettings = {
				ALWAYS_SEARCH_USER_PATHS = NO;
				CLANG_ANALYZER_NONNULL = YES;
				CLANG_ANALYZER_NUMBER_OBJECT_CONVERSION = YES_AGGRESSIVE;
				CLANG_CXX_LANGUAGE_STANDARD = "gnu++14";
				CLANG_CXX_LIBRARY = "libc++";
				CLANG_ENABLE_MODULES = YES;
				CLANG_ENABLE_OBJC_ARC = YES;
				CLANG_ENABLE_OBJC_WEAK = YES;
				CLANG_WARN_BLOCK_CAPTURE_AUTORELEASING = YES;
				CLANG_WARN_BOOL_CONVERSION = YES;
				CLANG_WARN_COMMA = YES;
				CLANG_WARN_CONSTANT_CONVERSION = YES;
				CLANG_WARN_DEPRECATED_OBJC_IMPLEMENTATIONS = YES;
				CLANG_WARN_DIRECT_OBJC_ISA_USAGE = YES_ERROR;
				CLANG_WARN_DOCUMENTATION_COMMENTS = YES;
				CLANG_WARN_EMPTY_BODY = YES;
				CLANG_WARN_ENUM_CONVERSION = YES;
				CLANG_WARN_INFINITE_RECURSION = YES;
				CLANG_WARN_INT_CONVERSION = YES;
				CLANG_WARN_NON_LITERAL_NULL_CONVERSION = YES;
				CLANG_WARN_OBJC_IMPLICIT_RETAIN_SELF = YES;
				CLANG_WARN_OBJC_LITERAL_CONVERSION = YES;
				CLANG_WARN_OBJC_ROOT_CLASS = YES_ERROR;
				CLANG_WARN_QUOTED_INCLUDE_IN_FRAMEWORK_HEADER = YES;
				CLANG_WARN_RANGE_LOOP_ANALYSIS = YES;
				CLANG_WARN_STRICT_PROTOTYPES = YES;
				CLANG_WARN_SUSPICIOUS_MOVE = YES;
				CLANG_WARN_UNGUARDED_AVAILABILITY = YES_AGGRESSIVE;
				CLANG_WARN_UNREACHABLE_CODE = YES;
				CLANG_WARN__DUPLICATE_METHOD_MATCH = YES;
				COPY_PHASE_STRIP = NO;
				DEBUG_INFORMATION_FORMAT = "dwarf-with-dsym";
				ENABLE_NS_ASSERTIONS = NO;
				ENABLE_STRICT_OBJC_MSGSEND = YES;
				GCC_C_LANGUAGE_STANDARD = gnu11;
				GCC_NO_COMMON_BLOCKS = YES;
				GCC_WARN_64_TO_32_BIT_CONVERSION = YES;
				GCC_WARN_ABOUT_RETURN_TYPE = YES_ERROR;
				GCC_WARN_UNDECLARED_SELECTOR = YES;
				GCC_WARN_UNINITIALIZED_AUTOS = YES_AGGRESSIVE;
				GCC_WARN_UNUSED_FUNCTION = YES;
				GCC_WARN_UNUSED_VARIABLE = YES;
				IPHONEOS_DEPLOYMENT_TARGET = 14.3;
				MTL_ENABLE_DEBUG_INFO = NO;
				MTL_FAST_MATH = YES;
				SDKROOT = iphoneos;
				SWIFT_COMPILATION_MODE = wholemodule;
				SWIFT_OPTIMIZATION_LEVEL = "-O";
				VALIDATE_PRODUCT = YES;
			};
			name = Release;
		};
		59380E4D25C2B77300011FD1 /* Debug */ = {
			isa = XCBuildConfiguration;
			baseConfigurationReference = 4E6E216BD807F1EAD97D96BC /* Pods-sideMenuPractic.debug.xcconfig */;
			buildSettings = {
				ASSETCATALOG_COMPILER_APPICON_NAME = AppIcon;
				ASSETCATALOG_COMPILER_GLOBAL_ACCENT_COLOR_NAME = AccentColor;
				CODE_SIGN_STYLE = Automatic;
				DEVELOPMENT_TEAM = XF7922X6R2;
				INFOPLIST_FILE = sideMenuPractic/Info.plist;
				LD_RUNPATH_SEARCH_PATHS = (
					"$(inherited)",
					"@executable_path/Frameworks",
				);
				PRODUCT_BUNDLE_IDENTIFIER = heawon.sideMenuPractic;
				PRODUCT_NAME = "$(TARGET_NAME)";
				SWIFT_VERSION = 5.0;
				TARGETED_DEVICE_FAMILY = "1,2";
			};
			name = Debug;
		};
		59380E4E25C2B77300011FD1 /* Release */ = {
			isa = XCBuildConfiguration;
			baseConfigurationReference = 5A4CB4AEBD61890DEFCBCA05 /* Pods-sideMenuPractic.release.xcconfig */;
			buildSettings = {
				ASSETCATALOG_COMPILER_APPICON_NAME = AppIcon;
				ASSETCATALOG_COMPILER_GLOBAL_ACCENT_COLOR_NAME = AccentColor;
				CODE_SIGN_STYLE = Automatic;
				DEVELOPMENT_TEAM = XF7922X6R2;
				INFOPLIST_FILE = sideMenuPractic/Info.plist;
				LD_RUNPATH_SEARCH_PATHS = (
					"$(inherited)",
					"@executable_path/Frameworks",
				);
				PRODUCT_BUNDLE_IDENTIFIER = heawon.sideMenuPractic;
				PRODUCT_NAME = "$(TARGET_NAME)";
				SWIFT_VERSION = 5.0;
				TARGETED_DEVICE_FAMILY = "1,2";
			};
			name = Release;
		};
/* End XCBuildConfiguration section */

/* Begin XCConfigurationList section */
		59380E3325C2B77200011FD1 /* Build configuration list for PBXProject "sideMenuPractic" */ = {
			isa = XCConfigurationList;
			buildConfigurations = (
				59380E4A25C2B77300011FD1 /* Debug */,
				59380E4B25C2B77300011FD1 /* Release */,
			);
			defaultConfigurationIsVisible = 0;
			defaultConfigurationName = Release;
		};
		59380E4C25C2B77300011FD1 /* Build configuration list for PBXNativeTarget "sideMenuPractic" */ = {
			isa = XCConfigurationList;
			buildConfigurations = (
				59380E4D25C2B77300011FD1 /* Debug */,
				59380E4E25C2B77300011FD1 /* Release */,
			);
			defaultConfigurationIsVisible = 0;
			defaultConfigurationName = Release;
		};
/* End XCConfigurationList section */
	};
	rootObject = 59380E3025C2B77200011FD1 /* Project object */;
}
